
Microsoft Visual Studio Solution File, Format Version 12.00
# Visual Studio Version 16
VisualStudioVersion = 16.0.31129.286
MinimumVisualStudioVersion = 10.0.40219.1
Project("{FAE04EC0-301F-11D3-BF4B-00C04F79EFBC}") = "ConsoleApp3", "ConsoleApp3\ConsoleApp3.csproj", "{7479B60E-4586-4DE7-8033-CAE9A0E86ED2}"
EndProject
Global
	GlobalSection(SolutionConfigurationPlatforms) = preSolution
		Debug|Any CPU = Debug|Any CPU
		Release|Any CPU = Release|Any CPU
	EndGlobalSection
	GlobalSection(ProjectConfigurationPlatforms) = postSolution
		{7479B60E-4586-4DE7-8033-CAE9A0E86ED2}.Debug|Any CPU.ActiveCfg = Debug|Any CPU
		{7479B60E-4586-4DE7-8033-CAE9A0E86ED2}.Debug|Any CPU.Build.0 = Debug|Any CPU
		{7479B60E-4586-4DE7-8033-CAE9A0E86ED2}.Release|Any CPU.ActiveCfg = Release|Any CPU
		{7479B60E-4586-4DE7-8033-CAE9A0E86ED2}.Release|Any CPU.Build.0 = Release|Any CPU
	EndGlobalSection
	GlobalSection(SolutionProperties) = preSolution
		HideSolutionNode = FALSE
	EndGlobalSection
	GlobalSection(ExtensibilityGlobals) = postSolution
		SolutionGuid = {EAA339D9-2F88-4BBC-9250-A8EAE8668458}
	EndGlobalSection
EndGlobal
