
Microsoft Visual Studio Solution File, Format Version 12.00
# Visual Studio Version 16
VisualStudioVersion = 16.0.31129.286
MinimumVisualStudioVersion = 10.0.40219.1
Project("{FAE04EC0-301F-11D3-BF4B-00C04F79EFBC}") = "WindowsFormsApp3", "WindowsFormsApp3\WindowsFormsApp3.csproj", "{AFF05DF0-6FD9-4A9C-BF13-B7A9366C00A8}"
EndProject
Global
	GlobalSection(SolutionConfigurationPlatforms) = preSolution
		Debug|Any CPU = Debug|Any CPU
		Release|Any CPU = Release|Any CPU
	EndGlobalSection
	GlobalSection(ProjectConfigurationPlatforms) = postSolution
		{AFF05DF0-6FD9-4A9C-BF13-B7A9366C00A8}.Debug|Any CPU.ActiveCfg = Debug|Any CPU
		{AFF05DF0-6FD9-4A9C-BF13-B7A9366C00A8}.Debug|Any CPU.Build.0 = Debug|Any CPU
		{AFF05DF0-6FD9-4A9C-BF13-B7A9366C00A8}.Release|Any CPU.ActiveCfg = Release|Any CPU
		{AFF05DF0-6FD9-4A9C-BF13-B7A9366C00A8}.Release|Any CPU.Build.0 = Release|Any CPU
	EndGlobalSection
	GlobalSection(SolutionProperties) = preSolution
		HideSolutionNode = FALSE
	EndGlobalSection
	GlobalSection(ExtensibilityGlobals) = postSolution
		SolutionGuid = {0B367AA9-5CAE-4246-B4B4-1E0715F5FD71}
	EndGlobalSection
EndGlobal
