
Microsoft Visual Studio Solution File, Format Version 12.00
# Visual Studio Version 16
VisualStudioVersion = 16.0.31129.286
MinimumVisualStudioVersion = 10.0.40219.1
Project("{FAE04EC0-301F-11D3-BF4B-00C04F79EFBC}") = "WindowsFormsApp6", "WindowsFormsApp6\WindowsFormsApp6.csproj", "{3E954D0D-DC7F-41CD-8F93-5E4694CA2655}"
EndProject
Global
	GlobalSection(SolutionConfigurationPlatforms) = preSolution
		Debug|Any CPU = Debug|Any CPU
		Release|Any CPU = Release|Any CPU
	EndGlobalSection
	GlobalSection(ProjectConfigurationPlatforms) = postSolution
		{3E954D0D-DC7F-41CD-8F93-5E4694CA2655}.Debug|Any CPU.ActiveCfg = Debug|Any CPU
		{3E954D0D-DC7F-41CD-8F93-5E4694CA2655}.Debug|Any CPU.Build.0 = Debug|Any CPU
		{3E954D0D-DC7F-41CD-8F93-5E4694CA2655}.Release|Any CPU.ActiveCfg = Release|Any CPU
		{3E954D0D-DC7F-41CD-8F93-5E4694CA2655}.Release|Any CPU.Build.0 = Release|Any CPU
	EndGlobalSection
	GlobalSection(SolutionProperties) = preSolution
		HideSolutionNode = FALSE
	EndGlobalSection
	GlobalSection(ExtensibilityGlobals) = postSolution
		SolutionGuid = {F3E467E2-6FA6-435B-9A4F-FABFE421FB96}
	EndGlobalSection
EndGlobal
