
Microsoft Visual Studio Solution File, Format Version 12.00
# Visual Studio Version 16
VisualStudioVersion = 16.0.32228.343
MinimumVisualStudioVersion = 10.0.40219.1
Project("{FAE04EC0-301F-11D3-BF4B-00C04F79EFBC}") = "BingoBingo", "BingoBingo\BingoBingo.csproj", "{C5FDF3C1-1D72-4C47-84EB-84F0C4216EFC}"
EndProject
Global
	GlobalSection(SolutionConfigurationPlatforms) = preSolution
		Debug|Any CPU = Debug|Any CPU
		Release|Any CPU = Release|Any CPU
	EndGlobalSection
	GlobalSection(ProjectConfigurationPlatforms) = postSolution
		{C5FDF3C1-1D72-4C47-84EB-84F0C4216EFC}.Debug|Any CPU.ActiveCfg = Debug|Any CPU
		{C5FDF3C1-1D72-4C47-84EB-84F0C4216EFC}.Debug|Any CPU.Build.0 = Debug|Any CPU
		{C5FDF3C1-1D72-4C47-84EB-84F0C4216EFC}.Release|Any CPU.ActiveCfg = Release|Any CPU
		{C5FDF3C1-1D72-4C47-84EB-84F0C4216EFC}.Release|Any CPU.Build.0 = Release|Any CPU
	EndGlobalSection
	GlobalSection(SolutionProperties) = preSolution
		HideSolutionNode = FALSE
	EndGlobalSection
	GlobalSection(ExtensibilityGlobals) = postSolution
		SolutionGuid = {ADCFFCFC-A752-48A6-A449-C43F7D2972B0}
	EndGlobalSection
EndGlobal
