
Microsoft Visual Studio Solution File, Format Version 12.00
# Visual Studio Version 16
VisualStudioVersion = 16.0.32510.428
MinimumVisualStudioVersion = 10.0.40219.1
Project("{9A19103F-16F7-4668-BE54-9A1E7A4F7556}") = "CustomerOrderDetails2019", "CustomerOrderDetails2019\CustomerOrderDetails2019.csproj", "{5AD8BD74-A933-4889-AC77-832D6540D710}"
EndProject
Global
	GlobalSection(SolutionConfigurationPlatforms) = preSolution
		Debug|Any CPU = Debug|Any CPU
		Release|Any CPU = Release|Any CPU
	EndGlobalSection
	GlobalSection(ProjectConfigurationPlatforms) = postSolution
		{5AD8BD74-A933-4889-AC77-832D6540D710}.Debug|Any CPU.ActiveCfg = Debug|Any CPU
		{5AD8BD74-A933-4889-AC77-832D6540D710}.Debug|Any CPU.Build.0 = Debug|Any CPU
		{5AD8BD74-A933-4889-AC77-832D6540D710}.Release|Any CPU.ActiveCfg = Release|Any CPU
		{5AD8BD74-A933-4889-AC77-832D6540D710}.Release|Any CPU.Build.0 = Release|Any CPU
	EndGlobalSection
	GlobalSection(SolutionProperties) = preSolution
		HideSolutionNode = FALSE
	EndGlobalSection
	GlobalSection(ExtensibilityGlobals) = postSolution
		SolutionGuid = {14424D9D-336C-4D95-8E52-9E761D6A6ABB}
	EndGlobalSection
EndGlobal
