
Microsoft Visual Studio Solution File, Format Version 12.00
# Visual Studio Version 16
VisualStudioVersion = 16.0.31129.286
MinimumVisualStudioVersion = 10.0.40219.1
Project("{FAE04EC0-301F-11D3-BF4B-00C04F79EFBC}") = "WindowsFormsApp1", "WindowsFormsApp1\WindowsFormsApp1.csproj", "{B1398913-C836-4AB6-A5F9-40EC0FFD477B}"
EndProject
Global
	GlobalSection(SolutionConfigurationPlatforms) = preSolution
		Debug|Any CPU = Debug|Any CPU
		Release|Any CPU = Release|Any CPU
	EndGlobalSection
	GlobalSection(ProjectConfigurationPlatforms) = postSolution
		{B1398913-C836-4AB6-A5F9-40EC0FFD477B}.Debug|Any CPU.ActiveCfg = Debug|Any CPU
		{B1398913-C836-4AB6-A5F9-40EC0FFD477B}.Debug|Any CPU.Build.0 = Debug|Any CPU
		{B1398913-C836-4AB6-A5F9-40EC0FFD477B}.Release|Any CPU.ActiveCfg = Release|Any CPU
		{B1398913-C836-4AB6-A5F9-40EC0FFD477B}.Release|Any CPU.Build.0 = Release|Any CPU
	EndGlobalSection
	GlobalSection(SolutionProperties) = preSolution
		HideSolutionNode = FALSE
	EndGlobalSection
	GlobalSection(ExtensibilityGlobals) = postSolution
		SolutionGuid = {5B8AC9C4-244A-49CA-BEC6-D622E746D46F}
	EndGlobalSection
EndGlobal
