
Microsoft Visual Studio Solution File, Format Version 12.00
# Visual Studio Version 16
VisualStudioVersion = 16.0.32510.428
MinimumVisualStudioVersion = 10.0.40219.1
Project("{FAE04EC0-301F-11D3-BF4B-00C04F79EFBC}") = "test123", "test123\test123.csproj", "{97BC681F-1A71-4C6F-9557-878CD60D0B12}"
EndProject
Global
	GlobalSection(SolutionConfigurationPlatforms) = preSolution
		Debug|Any CPU = Debug|Any CPU
		Release|Any CPU = Release|Any CPU
	EndGlobalSection
	GlobalSection(ProjectConfigurationPlatforms) = postSolution
		{97BC681F-1A71-4C6F-9557-878CD60D0B12}.Debug|Any CPU.ActiveCfg = Debug|Any CPU
		{97BC681F-1A71-4C6F-9557-878CD60D0B12}.Debug|Any CPU.Build.0 = Debug|Any CPU
		{97BC681F-1A71-4C6F-9557-878CD60D0B12}.Release|Any CPU.ActiveCfg = Release|Any CPU
		{97BC681F-1A71-4C6F-9557-878CD60D0B12}.Release|Any CPU.Build.0 = Release|Any CPU
	EndGlobalSection
	GlobalSection(SolutionProperties) = preSolution
		HideSolutionNode = FALSE
	EndGlobalSection
	GlobalSection(ExtensibilityGlobals) = postSolution
		SolutionGuid = {79553794-0545-4E07-85A3-A837B8BE7B69}
	EndGlobalSection
EndGlobal
