
Microsoft Visual Studio Solution File, Format Version 12.00
# Visual Studio Version 16
VisualStudioVersion = 16.0.32602.291
MinimumVisualStudioVersion = 10.0.40219.1
Project("{FAE04EC0-301F-11D3-BF4B-00C04F79EFBC}") = "Customers2019", "Customers2019\Customers2019.csproj", "{BD8857D6-D197-4DE6-A134-FF1A5B83CE54}"
EndProject
Global
	GlobalSection(SolutionConfigurationPlatforms) = preSolution
		Debug|Any CPU = Debug|Any CPU
		Release|Any CPU = Release|Any CPU
	EndGlobalSection
	GlobalSection(ProjectConfigurationPlatforms) = postSolution
		{BD8857D6-D197-4DE6-A134-FF1A5B83CE54}.Debug|Any CPU.ActiveCfg = Debug|Any CPU
		{BD8857D6-D197-4DE6-A134-FF1A5B83CE54}.Debug|Any CPU.Build.0 = Debug|Any CPU
		{BD8857D6-D197-4DE6-A134-FF1A5B83CE54}.Release|Any CPU.ActiveCfg = Release|Any CPU
		{BD8857D6-D197-4DE6-A134-FF1A5B83CE54}.Release|Any CPU.Build.0 = Release|Any CPU
	EndGlobalSection
	GlobalSection(SolutionProperties) = preSolution
		HideSolutionNode = FALSE
	EndGlobalSection
	GlobalSection(ExtensibilityGlobals) = postSolution
		SolutionGuid = {E0CEEF83-D689-418A-84F0-1FE7750F2799}
	EndGlobalSection
EndGlobal
