
Microsoft Visual Studio Solution File, Format Version 12.00
# Visual Studio Version 16
VisualStudioVersion = 16.0.31129.286
MinimumVisualStudioVersion = 10.0.40219.1
Project("{FAE04EC0-301F-11D3-BF4B-00C04F79EFBC}") = "WindowsFormsApp1", "WindowsFormsApp1\WindowsFormsApp1.csproj", "{C4CC24F3-77E2-450C-ABAA-2052941908BE}"
EndProject
Global
	GlobalSection(SolutionConfigurationPlatforms) = preSolution
		Debug|Any CPU = Debug|Any CPU
		Release|Any CPU = Release|Any CPU
	EndGlobalSection
	GlobalSection(ProjectConfigurationPlatforms) = postSolution
		{C4CC24F3-77E2-450C-ABAA-2052941908BE}.Debug|Any CPU.ActiveCfg = Debug|Any CPU
		{C4CC24F3-77E2-450C-ABAA-2052941908BE}.Debug|Any CPU.Build.0 = Debug|Any CPU
		{C4CC24F3-77E2-450C-ABAA-2052941908BE}.Release|Any CPU.ActiveCfg = Release|Any CPU
		{C4CC24F3-77E2-450C-ABAA-2052941908BE}.Release|Any CPU.Build.0 = Release|Any CPU
	EndGlobalSection
	GlobalSection(SolutionProperties) = preSolution
		HideSolutionNode = FALSE
	EndGlobalSection
	GlobalSection(ExtensibilityGlobals) = postSolution
		SolutionGuid = {A0903A4F-ACAD-4630-AA00-09E67C7C710B}
	EndGlobalSection
EndGlobal
