
Microsoft Visual Studio Solution File, Format Version 12.00
# Visual Studio Version 16
VisualStudioVersion = 16.0.32510.428
MinimumVisualStudioVersion = 10.0.40219.1
Project("{FAE04EC0-301F-11D3-BF4B-00C04F79EFBC}") = "AuthWebSite", "AuthWebSite\AuthWebSite.csproj", "{F2D029CB-E08D-4C87-ACCD-E45A2A09374C}"
EndProject
Global
	GlobalSection(SolutionConfigurationPlatforms) = preSolution
		Debug|Any CPU = Debug|Any CPU
		Release|Any CPU = Release|Any CPU
	EndGlobalSection
	GlobalSection(ProjectConfigurationPlatforms) = postSolution
		{F2D029CB-E08D-4C87-ACCD-E45A2A09374C}.Debug|Any CPU.ActiveCfg = Debug|Any CPU
		{F2D029CB-E08D-4C87-ACCD-E45A2A09374C}.Debug|Any CPU.Build.0 = Debug|Any CPU
		{F2D029CB-E08D-4C87-ACCD-E45A2A09374C}.Release|Any CPU.ActiveCfg = Release|Any CPU
		{F2D029CB-E08D-4C87-ACCD-E45A2A09374C}.Release|Any CPU.Build.0 = Release|Any CPU
	EndGlobalSection
	GlobalSection(SolutionProperties) = preSolution
		HideSolutionNode = FALSE
	EndGlobalSection
	GlobalSection(ExtensibilityGlobals) = postSolution
		SolutionGuid = {8588F900-7312-48AB-A425-386FF7824200}
	EndGlobalSection
EndGlobal
