
Microsoft Visual Studio Solution File, Format Version 12.00
# Visual Studio Version 16
VisualStudioVersion = 16.0.32602.291
MinimumVisualStudioVersion = 10.0.40219.1
Project("{FAE04EC0-301F-11D3-BF4B-00C04F79EFBC}") = "movies", "movies\movies.csproj", "{B7C8C93B-0BC5-473E-A193-4A5DE6D21C33}"
EndProject
Global
	GlobalSection(SolutionConfigurationPlatforms) = preSolution
		Debug|Any CPU = Debug|Any CPU
		Release|Any CPU = Release|Any CPU
	EndGlobalSection
	GlobalSection(ProjectConfigurationPlatforms) = postSolution
		{B7C8C93B-0BC5-473E-A193-4A5DE6D21C33}.Debug|Any CPU.ActiveCfg = Debug|Any CPU
		{B7C8C93B-0BC5-473E-A193-4A5DE6D21C33}.Debug|Any CPU.Build.0 = Debug|Any CPU
		{B7C8C93B-0BC5-473E-A193-4A5DE6D21C33}.Release|Any CPU.ActiveCfg = Release|Any CPU
		{B7C8C93B-0BC5-473E-A193-4A5DE6D21C33}.Release|Any CPU.Build.0 = Release|Any CPU
	EndGlobalSection
	GlobalSection(SolutionProperties) = preSolution
		HideSolutionNode = FALSE
	EndGlobalSection
	GlobalSection(ExtensibilityGlobals) = postSolution
		SolutionGuid = {703E8E72-3558-4FE0-85A5-A10F075B018D}
	EndGlobalSection
EndGlobal
