
Microsoft Visual Studio Solution File, Format Version 12.00
# Visual Studio Version 16
VisualStudioVersion = 16.0.31129.286
MinimumVisualStudioVersion = 10.0.40219.1
Project("{FAE04EC0-301F-11D3-BF4B-00C04F79EFBC}") = "WindowsFormsApp2", "WindowsFormsApp2\WindowsFormsApp2.csproj", "{FAC51FF7-4064-4655-B587-3FAF77FA6369}"
EndProject
Global
	GlobalSection(SolutionConfigurationPlatforms) = preSolution
		Debug|Any CPU = Debug|Any CPU
		Release|Any CPU = Release|Any CPU
	EndGlobalSection
	GlobalSection(ProjectConfigurationPlatforms) = postSolution
		{FAC51FF7-4064-4655-B587-3FAF77FA6369}.Debug|Any CPU.ActiveCfg = Debug|Any CPU
		{FAC51FF7-4064-4655-B587-3FAF77FA6369}.Debug|Any CPU.Build.0 = Debug|Any CPU
		{FAC51FF7-4064-4655-B587-3FAF77FA6369}.Release|Any CPU.ActiveCfg = Release|Any CPU
		{FAC51FF7-4064-4655-B587-3FAF77FA6369}.Release|Any CPU.Build.0 = Release|Any CPU
	EndGlobalSection
	GlobalSection(SolutionProperties) = preSolution
		HideSolutionNode = FALSE
	EndGlobalSection
	GlobalSection(ExtensibilityGlobals) = postSolution
		SolutionGuid = {13F4292C-D34B-4844-8B2F-15CA19C171EA}
	EndGlobalSection
EndGlobal
