
Microsoft Visual Studio Solution File, Format Version 12.00
# Visual Studio Version 16
VisualStudioVersion = 16.0.31129.286
MinimumVisualStudioVersion = 10.0.40219.1
Project("{FAE04EC0-301F-11D3-BF4B-00C04F79EFBC}") = "WindowsFormsApp3", "WindowsFormsApp3\WindowsFormsApp3.csproj", "{17977D36-76CB-4194-A3FE-5FFD4A41E66C}"
EndProject
Global
	GlobalSection(SolutionConfigurationPlatforms) = preSolution
		Debug|Any CPU = Debug|Any CPU
		Release|Any CPU = Release|Any CPU
	EndGlobalSection
	GlobalSection(ProjectConfigurationPlatforms) = postSolution
		{17977D36-76CB-4194-A3FE-5FFD4A41E66C}.Debug|Any CPU.ActiveCfg = Debug|Any CPU
		{17977D36-76CB-4194-A3FE-5FFD4A41E66C}.Debug|Any CPU.Build.0 = Debug|Any CPU
		{17977D36-76CB-4194-A3FE-5FFD4A41E66C}.Release|Any CPU.ActiveCfg = Release|Any CPU
		{17977D36-76CB-4194-A3FE-5FFD4A41E66C}.Release|Any CPU.Build.0 = Release|Any CPU
	EndGlobalSection
	GlobalSection(SolutionProperties) = preSolution
		HideSolutionNode = FALSE
	EndGlobalSection
	GlobalSection(ExtensibilityGlobals) = postSolution
		SolutionGuid = {EC5825A4-2F81-40C4-9B37-B20B2549A1CD}
	EndGlobalSection
EndGlobal
