
Microsoft Visual Studio Solution File, Format Version 12.00
# Visual Studio Version 16
VisualStudioVersion = 16.0.32602.291
MinimumVisualStudioVersion = 10.0.40219.1
Project("{FAE04EC0-301F-11D3-BF4B-00C04F79EFBC}") = "ProductCategories2019", "ProductCategories2019\ProductCategories2019.csproj", "{E7FD79FC-1D42-48DD-9D0A-C31BB0CA4CB0}"
EndProject
Global
	GlobalSection(SolutionConfigurationPlatforms) = preSolution
		Debug|Any CPU = Debug|Any CPU
		Release|Any CPU = Release|Any CPU
	EndGlobalSection
	GlobalSection(ProjectConfigurationPlatforms) = postSolution
		{E7FD79FC-1D42-48DD-9D0A-C31BB0CA4CB0}.Debug|Any CPU.ActiveCfg = Debug|Any CPU
		{E7FD79FC-1D42-48DD-9D0A-C31BB0CA4CB0}.Debug|Any CPU.Build.0 = Debug|Any CPU
		{E7FD79FC-1D42-48DD-9D0A-C31BB0CA4CB0}.Release|Any CPU.ActiveCfg = Release|Any CPU
		{E7FD79FC-1D42-48DD-9D0A-C31BB0CA4CB0}.Release|Any CPU.Build.0 = Release|Any CPU
	EndGlobalSection
	GlobalSection(SolutionProperties) = preSolution
		HideSolutionNode = FALSE
	EndGlobalSection
	GlobalSection(ExtensibilityGlobals) = postSolution
		SolutionGuid = {ACEB7245-23F0-45A3-A18A-AD3C11B921D3}
	EndGlobalSection
EndGlobal
