
Microsoft Visual Studio Solution File, Format Version 12.00
# Visual Studio Version 16
VisualStudioVersion = 16.0.31129.286
MinimumVisualStudioVersion = 10.0.40219.1
Project("{FAE04EC0-301F-11D3-BF4B-00C04F79EFBC}") = "WindowsFormsApp5", "WindowsFormsApp5\WindowsFormsApp5.csproj", "{7CE22FB7-56CC-4918-AC7B-72FE2CA90AF4}"
EndProject
Global
	GlobalSection(SolutionConfigurationPlatforms) = preSolution
		Debug|Any CPU = Debug|Any CPU
		Release|Any CPU = Release|Any CPU
	EndGlobalSection
	GlobalSection(ProjectConfigurationPlatforms) = postSolution
		{7CE22FB7-56CC-4918-AC7B-72FE2CA90AF4}.Debug|Any CPU.ActiveCfg = Debug|Any CPU
		{7CE22FB7-56CC-4918-AC7B-72FE2CA90AF4}.Debug|Any CPU.Build.0 = Debug|Any CPU
		{7CE22FB7-56CC-4918-AC7B-72FE2CA90AF4}.Release|Any CPU.ActiveCfg = Release|Any CPU
		{7CE22FB7-56CC-4918-AC7B-72FE2CA90AF4}.Release|Any CPU.Build.0 = Release|Any CPU
	EndGlobalSection
	GlobalSection(SolutionProperties) = preSolution
		HideSolutionNode = FALSE
	EndGlobalSection
	GlobalSection(ExtensibilityGlobals) = postSolution
		SolutionGuid = {3E763DB4-72D5-4060-854E-43BCCFB5DF51}
	EndGlobalSection
EndGlobal
